# THIS IS AN AUTOGENERATED FILE. DO NOT EDIT THIS FILE DIRECTLY.
# yarn lockfile v1


"@react-navigation/core@^6.0.2":
  version "6.0.2"
  resolved "https://registry.yarnpkg.com/@react-navigation/core/-/core-6.0.2.tgz#301be6c28211ae2571f3e9e3f74c8f077619ccdd"
  integrity sha512-Omsb670qmNfO0KGiRrOE+KXpCYQ6jXxE5uCPnj5srW31s6YDGiFl/M5sRcMyBdDXLXp5HjkQTJpU9ilmjKtL5g==
  dependencies:
    "@react-navigation/routers" "^6.0.1"
    escape-string-regexp "^4.0.0"
    nanoid "^3.1.23"
    query-string "^7.0.0"
    react-is "^16.13.0"

"@react-navigation/elements@^1.1.2":
  version "1.1.2"
  resolved "https://registry.yarnpkg.com/@react-navigation/elements/-/elements-1.1.2.tgz#82d8978489e47e7c54f67c453ba4a124046fe253"
  integrity sha512-PbPCleC1HpUlXtuP0DFNCNTEhRLd6lmB0KxY0SGRGqCemS3HpG/PajEQ1LDe7S51M03a1tDby1MfKTkNanUXAg==

"@react-navigation/native-stack@^6.2.2":
  version "6.2.2"
  resolved "https://registry.yarnpkg.com/@react-navigation/native-stack/-/native-stack-6.2.2.tgz#1687cff9502aa8c91091c9f2a783026f90823cd3"
  integrity sha512-OhWW1R0ZgAnWAvuhPZaBiEuMF13j7+BaNB8KmxQTTjG41EdzUi5yvz5MbHvzLjhF3yJ3qHxr6HjxFRMbugWvjw==
  dependencies:
    "@react-navigation/elements" "^1.1.2"
    warn-once "^0.1.0"

"@react-navigation/native@^6.0.4":
  version "6.0.4"
  resolved "https://registry.yarnpkg.com/@react-navigation/native/-/native-6.0.4.tgz#8a9710ce4e9b903ea12c4a4fce8709f5a37e15fe"
  integrity sha512-497dGGDIZ8hDCPGj6GXZvLGHk6NvZk5k4r1cjwgqcXwutK5fS7sgD0dZP52NTQC3GvLe8PZNv6AEdMIqFrZK6A==
  dependencies:
    "@react-navigation/core" "^6.0.2"
    escape-string-regexp "^4.0.0"
    nanoid "^3.1.23"

"@react-navigation/routers@^6.0.1":
  version "6.0.1"
  resolved "https://registry.yarnpkg.com/@react-navigation/routers/-/routers-6.0.1.tgz#ae50f07c776c18bd9fdc87f17e9f3afc3fd59d19"
  integrity sha512-5ctB49rmtTRQuTSBVgqMsEzBUjPP2ByUzBjNivA7jmvk+PDCl4oZsiR8KAm/twhxe215GYThfi2vUWXKAg6EEQ==
  dependencies:
    nanoid "^3.1.23"

"@types/geojson@^7946.0.7":
  version "7946.0.8"
  resolved "https://registry.yarnpkg.com/@types/geojson/-/geojson-7946.0.8.tgz#30744afdb385e2945e22f3b033f897f76b1f12ca"
  integrity sha512-1rkryxURpr6aWP7R786/UQOkJ3PcpQiWkAXBmdWc7ryFWqN6a4xfK7BtjXvFBKO9LjQ+MWQSWxYeZX1OApnArA==

decode-uri-component@^0.2.0:
  version "0.2.0"
  resolved "https://registry.yarnpkg.com/decode-uri-component/-/decode-uri-component-0.2.0.tgz#eb3913333458775cb84cd1a1fae062106bb87545"
  integrity sha1-6zkTMzRYd1y4TNGh+uBiEGu4dUU=

escape-string-regexp@^4.0.0:
  version "4.0.0"
  resolved "https://registry.yarnpkg.com/escape-string-regexp/-/escape-string-regexp-4.0.0.tgz#14ba83a5d373e3d311e5afca29cf5bfad965bf34"
  integrity sha512-TtpcNJ3XAzx3Gq8sWRzJaVajRs0uVxA2YAkdb1jm2YkPz4G6egUFAyA3n5vtEIZefPk5Wa4UXbKuS5fKkJWdgA==

filter-obj@^1.1.0:
  version "1.1.0"
  resolved "https://registry.yarnpkg.com/filter-obj/-/filter-obj-1.1.0.tgz#9b311112bc6c6127a16e016c6c5d7f19e0805c5b"
  integrity sha1-mzERErxsYSehbgFsbF1/GeCAXFs=

nanoid@^3.1.23:
  version "3.1.28"
  resolved "https://registry.yarnpkg.com/nanoid/-/nanoid-3.1.28.tgz#3c01bac14cb6c5680569014cc65a2f26424c6bd4"
  integrity sha512-gSu9VZ2HtmoKYe/lmyPFES5nknFrHa+/DT9muUFWFMi6Jh9E1I7bkvlQ8xxf1Kos9pi9o8lBnIOkatMhKX/YUw==

query-string@^7.0.0:
  version "7.0.1"
  resolved "https://registry.yarnpkg.com/query-string/-/query-string-7.0.1.tgz#45bd149cf586aaa582dffc7ec7a8ad97dd02f75d"
  integrity sha512-uIw3iRvHnk9to1blJCG3BTc+Ro56CBowJXKmNNAm3RulvPBzWLRqKSiiDk+IplJhsydwtuNMHi8UGQFcCLVfkA==
  dependencies:
    decode-uri-component "^0.2.0"
    filter-obj "^1.1.0"
    split-on-first "^1.0.0"
    strict-uri-encode "^2.0.0"

react-is@^16.13.0:
  version "16.13.1"
  resolved "https://registry.yarnpkg.com/react-is/-/react-is-16.13.1.tgz#789729a4dc36de2999dc156dd6c1d9c18cea56a4"
  integrity sha512-24e6ynE2H+OKt4kqsOvNd8kBpV65zoxbA4BVsEOB3ARVWQki/DHzaUoC5KuON/BiccDaCCTZBuOcfZs70kR8bQ==

react-native-maps@^0.29.3:
  version "0.29.3"
  resolved "https://registry.yarnpkg.com/react-native-maps/-/react-native-maps-0.29.3.tgz#ab873fa5e7301c29f07886df5f3cbef667d46cca"
  integrity sha512-742ipC71NdGHXmrCHPY9SEGDuKoSx2l0RMC1W9WXe/jd6+Eg5OllRBcR6Y+ORnzvuYZrd0Hj6q6bK3QR5ZL8sA==
  dependencies:
    "@types/geojson" "^7946.0.7"

react-native-safe-area-context@^3.3.2:
  version "3.3.2"
  resolved "https://registry.yarnpkg.com/react-native-safe-area-context/-/react-native-safe-area-context-3.3.2.tgz#9549a2ce580f2374edb05e49d661258d1b8bcaed"
  integrity sha512-yOwiiPJ1rk+/nfK13eafbpW6sKW0jOnsRem2C1LPJjM3tfTof6hlvV5eWHATye3XOpu2cJ7N+HdkUvUDGwFD2Q==

react-native-screens@^3.8.0:
  version "3.8.0"
  resolved "https://registry.yarnpkg.com/react-native-screens/-/react-native-screens-3.8.0.tgz#4ec84c55a7b4a4aa9405c812978ca2ba5c0242a4"
  integrity sha512-lHrnB/elAoMJKv8O12U6BLgeup4lB6ZKJHEOVuG/D72nv/OE9wUusbou6YCB5tp3YbaSpHflPnkFmHA/vCejpw==
  dependencies:
    warn-once "^0.1.0"

split-on-first@^1.0.0:
  version "1.1.0"
  resolved "https://registry.yarnpkg.com/split-on-first/-/split-on-first-1.1.0.tgz#f610afeee3b12bce1d0c30425e76398b78249a5f"
  integrity sha512-43ZssAJaMusuKWL8sKUBQXHWOpq8d6CfN/u1p4gUzfJkM05C8rxTmYrkIPTXapZpORA6LkkzcUulJ8FqA7Uudw==

strict-uri-encode@^2.0.0:
  version "2.0.0"
  resolved "https://registry.yarnpkg.com/strict-uri-encode/-/strict-uri-encode-2.0.0.tgz#b9c7330c7042862f6b142dc274bbcc5866ce3546"
  integrity sha1-ucczDHBChi9rFC3CdLvMWGbONUY=

warn-once@^0.1.0:
  version "0.1.0"
  resolved "https://registry.yarnpkg.com/warn-once/-/warn-once-0.1.0.tgz#4f58d89b84f968d0389176aa99e0cf0f14ffd4c8"
  integrity sha512-recZTSvuaH/On5ZU5ywq66y99lImWqzP93+AiUo9LUwG8gXHW+LJjhOd6REJHm7qb0niYqrEQJvbHSQfuJtTqA==
